
Microsoft Visual Studio Solution File, Format Version 12.00
# Visual Studio Version 16
VisualStudioVersion = 16.0.31729.503
MinimumVisualStudioVersion = 10.0.40219.1
Project("{FAE04EC0-301F-11D3-BF4B-00C04F79EFBC}") = "CommandAPISolution", "CommandAPISolution\CommandAPISolution.csproj", "{32D1A194-948B-489C-BCDF-D36DC8665A59}"
EndProject
Project("{FAE04EC0-301F-11D3-BF4B-00C04F79EFBC}") = "CommandAPI.Tests", "CommandAPI.Tests\CommandAPI.Tests.csproj", "{137F351C-3C46-4514-B5FF-EF02BB587931}"
EndProject
Global
	GlobalSection(SolutionConfigurationPlatforms) = preSolution
		Debug|Any CPU = Debug|Any CPU
		Release|Any CPU = Release|Any CPU
	EndGlobalSection
	GlobalSection(ProjectConfigurationPlatforms) = postSolution
		{32D1A194-948B-489C-BCDF-D36DC8665A59}.Debug|Any CPU.ActiveCfg = Debug|Any CPU
		{32D1A194-948B-489C-BCDF-D36DC8665A59}.Debug|Any CPU.Build.0 = Debug|Any CPU
		{32D1A194-948B-489C-BCDF-D36DC8665A59}.Release|Any CPU.ActiveCfg = Release|Any CPU
		{32D1A194-948B-489C-BCDF-D36DC8665A59}.Release|Any CPU.Build.0 = Release|Any CPU
		{137F351C-3C46-4514-B5FF-EF02BB587931}.Debug|Any CPU.ActiveCfg = Debug|Any CPU
		{137F351C-3C46-4514-B5FF-EF02BB587931}.Debug|Any CPU.Build.0 = Debug|Any CPU
		{137F351C-3C46-4514-B5FF-EF02BB587931}.Release|Any CPU.ActiveCfg = Release|Any CPU
		{137F351C-3C46-4514-B5FF-EF02BB587931}.Release|Any CPU.Build.0 = Release|Any CPU
	EndGlobalSection
	GlobalSection(SolutionProperties) = preSolution
		HideSolutionNode = FALSE
	EndGlobalSection
	GlobalSection(ExtensibilityGlobals) = postSolution
		SolutionGuid = {CB74F963-D9F6-403A-9B5F-2F20388481A8}
	EndGlobalSection
EndGlobal
